
Microsoft Visual Studio Solution File, Format Version 12.00
# Visual Studio Version 16
VisualStudioVersion = 16.0.30523.141
MinimumVisualStudioVersion = 10.0.40219.1
Project("{8BC9CEB8-8B4A-11D0-8D11-00A0C91BC942}") = "practice09", "practice09\practice09.vcxproj", "{1BBFA768-8CE8-459F-A7C0-C9F3687249A5}"
EndProject
Project("{8BC9CEB8-8B4A-11D0-8D11-00A0C91BC942}") = "practice10", "practice10\practice10.vcxproj", "{308195F1-FEB3-4CA9-A7B9-7327EF9487D5}"
EndProject
Project("{8BC9CEB8-8B4A-11D0-8D11-00A0C91BC942}") = "practice11", "practice11\practice11.vcxproj", "{39F4F57F-D21D-4B68-8582-285FA7AFFBD3}"
EndProject
Global
	GlobalSection(SolutionConfigurationPlatforms) = preSolution
		Debug|x64 = Debug|x64
		Debug|x86 = Debug|x86
		Release|x64 = Release|x64
		Release|x86 = Release|x86
	EndGlobalSection
	GlobalSection(ProjectConfigurationPlatforms) = postSolution
		{1BBFA768-8CE8-459F-A7C0-C9F3687249A5}.Debug|x64.ActiveCfg = Debug|x64
		{1BBFA768-8CE8-459F-A7C0-C9F3687249A5}.Debug|x64.Build.0 = Debug|x64
		{1BBFA768-8CE8-459F-A7C0-C9F3687249A5}.Debug|x86.ActiveCfg = Debug|Win32
		{1BBFA768-8CE8-459F-A7C0-C9F3687249A5}.Debug|x86.Build.0 = Debug|Win32
		{1BBFA768-8CE8-459F-A7C0-C9F3687249A5}.Release|x64.ActiveCfg = Release|x64
		{1BBFA768-8CE8-459F-A7C0-C9F3687249A5}.Release|x64.Build.0 = Release|x64
		{1BBFA768-8CE8-459F-A7C0-C9F3687249A5}.Release|x86.ActiveCfg = Release|Win32
		{1BBFA768-8CE8-459F-A7C0-C9F3687249A5}.Release|x86.Build.0 = Release|Win32
		{308195F1-FEB3-4CA9-A7B9-7327EF9487D5}.Debug|x64.ActiveCfg = Debug|x64
		{308195F1-FEB3-4CA9-A7B9-7327EF9487D5}.Debug|x64.Build.0 = Debug|x64
		{308195F1-FEB3-4CA9-A7B9-7327EF9487D5}.Debug|x86.ActiveCfg = Debug|Win32
		{308195F1-FEB3-4CA9-A7B9-7327EF9487D5}.Debug|x86.Build.0 = Debug|Win32
		{308195F1-FEB3-4CA9-A7B9-7327EF9487D5}.Release|x64.ActiveCfg = Release|x64
		{308195F1-FEB3-4CA9-A7B9-7327EF9487D5}.Release|x64.Build.0 = Release|x64
		{308195F1-FEB3-4CA9-A7B9-7327EF9487D5}.Release|x86.ActiveCfg = Release|Win32
		{308195F1-FEB3-4CA9-A7B9-7327EF9487D5}.Release|x86.Build.0 = Release|Win32
		{39F4F57F-D21D-4B68-8582-285FA7AFFBD3}.Debug|x64.ActiveCfg = Debug|x64
		{39F4F57F-D21D-4B68-8582-285FA7AFFBD3}.Debug|x64.Build.0 = Debug|x64
		{39F4F57F-D21D-4B68-8582-285FA7AFFBD3}.Debug|x86.ActiveCfg = Debug|Win32
		{39F4F57F-D21D-4B68-8582-285FA7AFFBD3}.Debug|x86.Build.0 = Debug|Win32
		{39F4F57F-D21D-4B68-8582-285FA7AFFBD3}.Release|x64.ActiveCfg = Release|x64
		{39F4F57F-D21D-4B68-8582-285FA7AFFBD3}.Release|x64.Build.0 = Release|x64
		{39F4F57F-D21D-4B68-8582-285FA7AFFBD3}.Release|x86.ActiveCfg = Release|Win32
		{39F4F57F-D21D-4B68-8582-285FA7AFFBD3}.Release|x86.Build.0 = Release|Win32
	EndGlobalSection
	GlobalSection(SolutionProperties) = preSolution
		HideSolutionNode = FALSE
	EndGlobalSection
	GlobalSection(ExtensibilityGlobals) = postSolution
		SolutionGuid = {14FDF87C-95E9-4C91-AE65-1FBB8546769D}
	EndGlobalSection
EndGlobal
